Microsoft Visual Studio Solution File, Format Version 12.00
# Visual Studio Version 17
VisualStudioVersion = 17.5.2.0
MinimumVisualStudioVersion = 10.0.40219.1
Project("{FAE04EC0-301F-11D3-BF4B-00C04F79EFBC}") = "AzureAnalytics", "AzureAnalytics.csproj", "{CE538B1A-5B16-8F99-ACC8-593560494E7C}"
EndProject
Global
	GlobalSection(SolutionConfigurationPlatforms) = preSolution
		Debug|Any CPU = Debug|Any CPU
		Release|Any CPU = Release|Any CPU
	EndGlobalSection
	GlobalSection(ProjectConfigurationPlatforms) = postSolution
		{CE538B1A-5B16-8F99-ACC8-593560494E7C}.Debug|Any CPU.ActiveCfg = Debug|Any CPU
		{CE538B1A-5B16-8F99-ACC8-593560494E7C}.Debug|Any CPU.Build.0 = Debug|Any CPU
		{CE538B1A-5B16-8F99-ACC8-593560494E7C}.Release|Any CPU.ActiveCfg = Release|Any CPU
		{CE538B1A-5B16-8F99-ACC8-593560494E7C}.Release|Any CPU.Build.0 = Release|Any CPU
	EndGlobalSection
	GlobalSection(SolutionProperties) = preSolution
		HideSolutionNode = FALSE
	EndGlobalSection
	GlobalSection(ExtensibilityGlobals) = postSolution
		SolutionGuid = {773CDFCC-3CE3-4958-8104-71A74628DA81}
	EndGlobalSection
EndGlobal
